
Microsoft Visual Studio Solution File, Format Version 12.00
# Visual Studio Version 16
VisualStudioVersion = 16.0.32126.315
MinimumVisualStudioVersion = 10.0.40219.1
Project("{9A19103F-16F7-4668-BE54-9A1E7A4F7556}") = "POEPart1", "POEPart1.csproj", "{545E3672-4285-4C5D-BEC6-5A365468E602}"
EndProject
Global
	GlobalSection(SolutionConfigurationPlatforms) = preSolution
		Debug|Any CPU = Debug|Any CPU
		Release|Any CPU = Release|Any CPU
	EndGlobalSection
	GlobalSection(ProjectConfigurationPlatforms) = postSolution
		{545E3672-4285-4C5D-BEC6-5A365468E602}.Debug|Any CPU.ActiveCfg = Debug|Any CPU
		{545E3672-4285-4C5D-BEC6-5A365468E602}.Debug|Any CPU.Build.0 = Debug|Any CPU
		{545E3672-4285-4C5D-BEC6-5A365468E602}.Release|Any CPU.ActiveCfg = Release|Any CPU
		{545E3672-4285-4C5D-BEC6-5A365468E602}.Release|Any CPU.Build.0 = Release|Any CPU
	EndGlobalSection
	GlobalSection(SolutionProperties) = preSolution
		HideSolutionNode = FALSE
	EndGlobalSection
	GlobalSection(ExtensibilityGlobals) = postSolution
		SolutionGuid = {4FD64D38-E2BD-494F-B7EE-1E5948436E86}
	EndGlobalSection
EndGlobal
